
Microsoft Visual Studio Solution File, Format Version 12.00
# Visual Studio Version 16
VisualStudioVersion = 16.0.31321.278
MinimumVisualStudioVersion = 10.0.40219.1
Project("{FAE04EC0-301F-11D3-BF4B-00C04F79EFBC}") = "Compiler", "Compiler\Compiler.csproj", "{BACED899-A715-4096-9E8F-67584637EFBD}"
EndProject
Global
	GlobalSection(SolutionConfigurationPlatforms) = preSolution
		Debug|Any CPU = Debug|Any CPU
		Release|Any CPU = Release|Any CPU
	EndGlobalSection
	GlobalSection(ProjectConfigurationPlatforms) = postSolution
		{BACED899-A715-4096-9E8F-67584637EFBD}.Debug|Any CPU.ActiveCfg = Debug|Any CPU
		{BACED899-A715-4096-9E8F-67584637EFBD}.Debug|Any CPU.Build.0 = Debug|Any CPU
		{BACED899-A715-4096-9E8F-67584637EFBD}.Release|Any CPU.ActiveCfg = Release|Any CPU
		{BACED899-A715-4096-9E8F-67584637EFBD}.Release|Any CPU.Build.0 = Release|Any CPU
	EndGlobalSection
	GlobalSection(SolutionProperties) = preSolution
		HideSolutionNode = FALSE
	EndGlobalSection
	GlobalSection(ExtensibilityGlobals) = postSolution
		SolutionGuid = {C8C382AA-0B55-4740-A978-09D62032D13A}
	EndGlobalSection
EndGlobal
